
Microsoft Visual Studio Solution File, Format Version 12.00
# Visual Studio Version 17
VisualStudioVersion = 17.2.32616.157
MinimumVisualStudioVersion = 10.0.40219.1
Project("{FAE04EC0-301F-11D3-BF4B-00C04F79EFBC}") = "CalculadoraWpf", "CalculadoraWpf\CalculadoraWpf.csproj", "{2E2C98ED-1EBA-4DA5-8DF9-3B79154DDBEE}"
EndProject
Global
	GlobalSection(SolutionConfigurationPlatforms) = preSolution
		Debug|Any CPU = Debug|Any CPU
		Release|Any CPU = Release|Any CPU
	EndGlobalSection
	GlobalSection(ProjectConfigurationPlatforms) = postSolution
		{2E2C98ED-1EBA-4DA5-8DF9-3B79154DDBEE}.Debug|Any CPU.ActiveCfg = Debug|Any CPU
		{2E2C98ED-1EBA-4DA5-8DF9-3B79154DDBEE}.Debug|Any CPU.Build.0 = Debug|Any CPU
		{2E2C98ED-1EBA-4DA5-8DF9-3B79154DDBEE}.Release|Any CPU.ActiveCfg = Release|Any CPU
		{2E2C98ED-1EBA-4DA5-8DF9-3B79154DDBEE}.Release|Any CPU.Build.0 = Release|Any CPU
	EndGlobalSection
	GlobalSection(SolutionProperties) = preSolution
		HideSolutionNode = FALSE
	EndGlobalSection
	GlobalSection(ExtensibilityGlobals) = postSolution
		SolutionGuid = {651C8E2D-63B2-4F05-A894-118E98E7F116}
	EndGlobalSection
EndGlobal
